{
  "nodes": {
    "common-nix": {
      "flake": false,
      "locked": {
        "path": "../common/nix",
        "type": "path"
      },
      "original": {
        "path": "../common/nix",
        "type": "path"
      },
      "parent": []
    },
    "nixpkgs-essentials": {
      "locked": {
        "lastModified": 1780282642,
        "narHash": "sha256-2xNDWapPFxh0Gb8O3ggSFPDvfCyyEL4BVyRzzn2Quzs=",
        "owner": "NixOS",
        "repo": "nixpkgs",
        "rev": "d439513fc917ed054f616f9079ed3208b6a9667d",
        "type": "github"
      },
      "original": {
        "owner": "NixOS",
        "ref": "nixpkgs-25.11-darwin",
        "repo": "nixpkgs",
        "type": "github"
      }
    },
    "nixpkgs-recent-version-packages": {
      "locked": {
        "lastModified": 1780336545,
        "narHash": "sha256-vhVhuXzFrIOfcssC/9hDHx7MHzDKjF3keHuREOQqQiQ=",
        "owner": "NixOS",
        "repo": "nixpkgs",
        "rev": "4df1b885d76a54e1aa1a318f8d16fd6005b6401f",
        "type": "github"
      },
      "original": {
        "owner": "NixOS",
        "ref": "nixpkgs-unstable",
        "repo": "nixpkgs",
        "type": "github"
      }
    },
    "root": {
      "inputs": {
        "common-nix": "common-nix",
        "nixpkgs-essentials": "nixpkgs-essentials",
        "nixpkgs-recent-version-packages": "nixpkgs-recent-version-packages"
      }
    }
  },
  "root": "root",
  "version": 7
}
