{
  "nodes": {
    "common-nix": {
      "flake": false,
      "locked": {
        "path": "../common/nix",
        "type": "path"
      },
      "original": {
        "path": "../common/nix",
        "type": "path"
      },
      "parent": []
    },
    "nixpkgs-essentials": {
      "locked": {
        "lastModified": 1782904953,
        "narHash": "sha256-ESJ4VgytmAt+98YLM8466luln4HyEZ9Q36b9+Bb4P5w=",
        "owner": "NixOS",
        "repo": "nixpkgs",
        "rev": "0921fdb3e13e40fe25fbc52b89661a9d6d32ac68",
        "type": "github"
      },
      "original": {
        "owner": "NixOS",
        "ref": "nixpkgs-25.11-darwin",
        "repo": "nixpkgs",
        "type": "github"
      }
    },
    "nixpkgs-recent-version-packages": {
      "locked": {
        "lastModified": 1783279667,
        "narHash": "sha256-/NAkDSsve+GNM0Bt6tleJdCGfsTlK89nPjkVOzZMo0s=",
        "owner": "NixOS",
        "repo": "nixpkgs",
        "rev": "f205b5574fd0cb7da5b702a2da51507b7f4fdd1b",
        "type": "github"
      },
      "original": {
        "owner": "NixOS",
        "ref": "nixpkgs-unstable",
        "repo": "nixpkgs",
        "type": "github"
      }
    },
    "root": {
      "inputs": {
        "common-nix": "common-nix",
        "nixpkgs-essentials": "nixpkgs-essentials",
        "nixpkgs-recent-version-packages": "nixpkgs-recent-version-packages"
      }
    }
  },
  "root": "root",
  "version": 7
}
