{
  "nodes": {
    "common-nix": {
      "flake": false,
      "locked": {
        "path": "../common/nix",
        "type": "path"
      },
      "original": {
        "path": "../common/nix",
        "type": "path"
      },
      "parent": []
    },
    "nixpkgs-essentials": {
      "locked": {
        "lastModified": 1779796641,
        "narHash": "sha256-ZsIrKmhp4vbBXoXXmR/tBXA/UCsAQiJL9vsgZEduhVY=",
        "owner": "NixOS",
        "repo": "nixpkgs",
        "rev": "25f538306313eae3927264466c70d7001dcea1df",
        "type": "github"
      },
      "original": {
        "owner": "NixOS",
        "ref": "nixos-25.11",
        "repo": "nixpkgs",
        "type": "github"
      }
    },
    "nixpkgs-recent-version-packages": {
      "locked": {
        "lastModified": 1780336545,
        "narHash": "sha256-vhVhuXzFrIOfcssC/9hDHx7MHzDKjF3keHuREOQqQiQ=",
        "owner": "NixOS",
        "repo": "nixpkgs",
        "rev": "4df1b885d76a54e1aa1a318f8d16fd6005b6401f",
        "type": "github"
      },
      "original": {
        "owner": "NixOS",
        "ref": "nixpkgs-unstable",
        "repo": "nixpkgs",
        "type": "github"
      }
    },
    "root": {
      "inputs": {
        "common-nix": "common-nix",
        "nixpkgs-essentials": "nixpkgs-essentials",
        "nixpkgs-recent-version-packages": "nixpkgs-recent-version-packages"
      }
    }
  },
  "root": "root",
  "version": 7
}
