{
  "nodes": {
    "common-nix": {
      "flake": false,
      "locked": {
        "path": "../common/nix",
        "type": "path"
      },
      "original": {
        "path": "../common/nix",
        "type": "path"
      },
      "parent": []
    },
    "nixpkgs-ai-clis": {
      "locked": {
        "lastModified": 1778274207,
        "narHash": "sha256-I4puXmX1iovcCHZlRmztO3vW0mAbbRvq4F8wgIMQ1MM=",
        "owner": "NixOS",
        "repo": "nixpkgs",
        "rev": "b3da656039dc7a6240f27b2ef8cc6a3ef3bccae7",
        "type": "github"
      },
      "original": {
        "owner": "NixOS",
        "ref": "nixpkgs-unstable",
        "repo": "nixpkgs",
        "type": "github"
      }
    },
    "nixpkgs-essentials": {
      "locked": {
        "lastModified": 1777954456,
        "narHash": "sha256-hGdgeU2Nk87RAuZyYjyDjFL6LK7dAZN5RE9+hrDTkDU=",
        "owner": "NixOS",
        "repo": "nixpkgs",
        "rev": "549bd84d6279f9852cae6225e372cc67fb91a4c1",
        "type": "github"
      },
      "original": {
        "owner": "NixOS",
        "ref": "nixos-unstable",
        "repo": "nixpkgs",
        "type": "github"
      }
    },
    "root": {
      "inputs": {
        "common-nix": "common-nix",
        "nixpkgs-ai-clis": "nixpkgs-ai-clis",
        "nixpkgs-essentials": "nixpkgs-essentials"
      }
    }
  },
  "root": "root",
  "version": 7
}
