{
  "nodes": {
    "common-nix": {
      "flake": false,
      "locked": {
        "path": "../common/nix",
        "type": "path"
      },
      "original": {
        "path": "../common/nix",
        "type": "path"
      },
      "parent": []
    },
    "nixpkgs-essentials": {
      "locked": {
        "lastModified": 1782847189,
        "narHash": "sha256-twXPFqFsrrY5r28Zh7Homgcp2gUMBgQ6WDS98Q/3xFI=",
        "owner": "NixOS",
        "repo": "nixpkgs",
        "rev": "b6018f87da91d19d0ab4cf979885689b469cdd41",
        "type": "github"
      },
      "original": {
        "owner": "NixOS",
        "ref": "nixos-25.11",
        "repo": "nixpkgs",
        "type": "github"
      }
    },
    "nixpkgs-recent-version-packages": {
      "locked": {
        "lastModified": 1785141334,
        "narHash": "sha256-kh35kIx7el4Jk8Ki3BH9/Pn1eZYSYLJ6LMALos0zOy0=",
        "owner": "NixOS",
        "repo": "nixpkgs",
        "rev": "38a4887411571457d700c51c64a6e49ead2ed5ab",
        "type": "github"
      },
      "original": {
        "owner": "NixOS",
        "ref": "nixpkgs-unstable",
        "repo": "nixpkgs",
        "type": "github"
      }
    },
    "root": {
      "inputs": {
        "common-nix": "common-nix",
        "nixpkgs-essentials": "nixpkgs-essentials",
        "nixpkgs-recent-version-packages": "nixpkgs-recent-version-packages"
      }
    }
  },
  "root": "root",
  "version": 7
}
